
Microsoft Visual Studio Solution File, Format Version 12.00
# Visual Studio 15
VisualStudioVersion = 15.0.28307.1525
MinimumVisualStudioVersion = 10.0.40219.1
Project("{FAE04EC0-301F-11D3-BF4B-00C04F79EFBC}") = "Eu4ModEditor", "Eu4ModEditor.csproj", "{93877B7A-F12D-477A-962C-6CD89D3B6843}"
EndProject
Global
	GlobalSection(SolutionConfigurationPlatforms) = preSolution
		Debug|Any CPU = Debug|Any CPU
		Release|Any CPU = Release|Any CPU
	EndGlobalSection
	GlobalSection(ProjectConfigurationPlatforms) = postSolution
		{93877B7A-F12D-477A-962C-6CD89D3B6843}.Debug|Any CPU.ActiveCfg = Debug|Any CPU
		{93877B7A-F12D-477A-962C-6CD89D3B6843}.Debug|Any CPU.Build.0 = Debug|Any CPU
		{93877B7A-F12D-477A-962C-6CD89D3B6843}.Release|Any CPU.ActiveCfg = Release|Any CPU
		{93877B7A-F12D-477A-962C-6CD89D3B6843}.Release|Any CPU.Build.0 = Release|Any CPU
	EndGlobalSection
	GlobalSection(SolutionProperties) = preSolution
		HideSolutionNode = FALSE
	EndGlobalSection
	GlobalSection(ExtensibilityGlobals) = postSolution
		SolutionGuid = {BF248CD8-1836-411D-830F-EDA5EF065FA9}
	EndGlobalSection
EndGlobal
